{
    "_meta": {
        "hash": {
            "sha256": "e1e9b50f9ccb2e64ae26b39b2d7aa41c2f813df32db6368f885f79bb15c94d8f"
        },
        "pipfile-spec": 6,
        "requires": {
            "python_version": "3.14"
        },
        "sources": [
            {
                "name": "pypi",
                "url": "https://pypi.org/simple",
                "verify_ssl": true
            }
        ]
    },
    "default": {
        "boto3": {
            "hashes": [
                "sha256:96ee720b52be647d8ef5ba92fccfce6b65d6321769430fe6edd10d57ec43c25b",
                "sha256:ecc8c99d3cc96716cdfba62d9c9c6ce0eb98d02494a66690bcc2ec181c1ced67"
            ],
            "index": "pypi",
            "markers": "python_version >= '3.9'",
            "version": "==1.40.52"
        },
        "botocore": {
            "hashes": [
                "sha256:838697a06c7713df8d39f088105334b4eadcc3d65c7a260bf1a1bd8bf616ce4a",
                "sha256:b65d970ca4ccd869639332083da17c3a933bcf495120dcc4f5c7723cb3f6216c"
            ],
            "index": "pypi",
            "markers": "python_version >= '3.9'",
            "version": "==1.40.52"
        },
        "jmespath": {
            "hashes": [
                "sha256:472c87d80f36026ae83c6ddd0f1d05d4e510134ed462851fd5f754c8c3cbb88d",
                "sha256:a5663118de4908c91729bea0acadca56526eb2698e83de10cd116ae0f4e97c64"
            ],
            "markers": "python_version >= '3.9'",
            "version": "==1.1.0"
        },
        "python-dateutil": {
            "hashes": [
                "sha256:37dd54208da7e1cd875388217d5e00ebd4179249f90fb72437e91a35459a0ad3",
                "sha256:a8b2bc7bffae282281c8140a97d3aa9c14da0b136dfe83f850eea9a5f7470427"
            ],
            "markers": "python_version >= '2.7' and python_version not in '3.0, 3.1, 3.2'",
            "version": "==2.9.0.post0"
        },
        "s3transfer": {
            "hashes": [
                "sha256:ea3b790c7077558ed1f02a3072fb3cb992bbbd253392f4b6e9e8976941c7d456",
                "sha256:eff12264e7c8b4985074ccce27a3b38a485bb7f7422cc8046fee9be4983e4125"
            ],
            "markers": "python_version >= '3.9'",
            "version": "==0.14.0"
        },
        "six": {
            "hashes": [
                "sha256:4721f391ed90541fddacab5acf947aa0d3dc7d27b2e1e8eda2be8970586c3274",
                "sha256:ff70335d468e7eb6ec65b95b99d3a2836546063f63acc5171de367e834932a81"
            ],
            "markers": "python_version >= '2.7' and python_version not in '3.0, 3.1, 3.2'",
            "version": "==1.17.0"
        },
        "urllib3": {
            "hashes": [
                "sha256:1b62b6884944a57dbe321509ab94fd4d3b307075e0c2eae991ac71ee15ad38ed",
                "sha256:bf272323e553dfb2e87d9bfd225ca7b0f467b919d7bbd355436d3fd37cb0acd4"
            ],
            "markers": "python_version >= '3.9'",
            "version": "==2.6.3"
        }
    },
    "develop": {}
}
